<?xml version="1.0" encoding="utf-8"?>
<Project ToolsVersion="4.0" xmlns="http://schemas.microsoft.com/developer/msbuild/2003">
  <ItemGroup>
    <Filter Include="Source Files">
      <UniqueIdentifier>{4FC737F1-C7A5-4376-A066-2A32D752A2FF}</UniqueIdentifier>
      <Extensions>cpp;c;cc;cxx;def;odl;idl;hpj;bat;asm;asmx</Extensions>
    </Filter>
    <Filter Include="Header Files">
      <UniqueIdentifier>{93995380-89BD-4b04-88EB-625FBE52EBFB}</UniqueIdentifier>
      <Extensions>h;hh;hpp;hxx;hm;inl;inc;xsd</Extensions>
    </Filter>
    <Filter Include="Resource Files">
      <UniqueIdentifier>{67DA6AB6-F800-4c08-8B7A-83BB121AAD01}</UniqueIdentifier>
      <Extensions>rc;ico;cur;bmp;dlg;rc2;rct;bin;rgs;gif;jpg;jpeg;jpe;resx;tiff;tif;png;wav;mfcribbon-ms</Extensions>
    </Filter>
  </ItemGroup>
  <ItemGroup>
    <ClCompile Include="Gwint_Studencki.cpp">
      <Filter>Source Files</Filter>
    </ClCompile>
    <ClCompile Include="Gwint_Studencki_Func.cpp">
      <Filter>Source Files</Filter>
    </ClCompile>
    <ClCompile Include="Cards_Func.cpp">
      <Filter>Source Files</Filter>
    </ClCompile>
  </ItemGroup>
  <ItemGroup>
    <ClInclude Include="Gwint_Studencki_Header.h">
      <Filter>Header Files</Filter>
    </ClInclude>
    <ClInclude Include="Cards_Header.h">
      <Filter>Header Files</Filter>
    </ClInclude>
    <ClInclude Include="Deck_Header.h">
      <Filter>Header Files</Filter>
    </ClInclude>
    <ClInclude Include="Logic_Header.h">
      <Filter>Header Files</Filter>
    </ClInclude>
  </ItemGroup>
  <ItemGroup>
    <Image Include="tekstura.png">
      <Filter>Resource Files</Filter>
    </Image>
    <Image Include="Karty\cwaniak.png">
      <Filter>Resource Files</Filter>
    </Image>
    <Image Include="Karty\drinz.png">
      <Filter>Resource Files</Filter>
    </Image>
    <Image Include="Karty\egzamin.png">
      <Filter>Resource Files</Filter>
    </Image>
    <Image Include="Karty\egzaminkomisyjny.png">
      <Filter>Resource Files</Filter>
    </Image>
    <Image Include="Karty\egzaminpoprawkowy.png">
      <Filter>Resource Files</Filter>
    </Image>
    <Image Include="Karty\egzaminustny.png">
      <Filter>Resource Files</Filter>
    </Image>
    <Image Include="Karty\etrapez.png">
      <Filter>Resource Files</Filter>
    </Image>
    <Image Include="Karty\imprezowicz.png">
      <Filter>Resource Files</Filter>
    </Image>
    <Image Include="Karty\kolokwium.png">
      <Filter>Resource Files</Filter>
    </Image>
    <Image Include="Karty\kolokwiumpoprawkowe.png">
      <Filter>Resource Files</Filter>
    </Image>
    <Image Include="Karty\korepetytor.png">
      <Filter>Resource Files</Filter>
    </Image>
    <Image Include="Karty\latwykolos.png">
      <Filter>Resource Files</Filter>
    </Image>
    <Image Include="Karty\matlab.png">
      <Filter>Resource Files</Filter>
    </Image>
    <Image Include="Karty\nawalony.png">
      <Filter>Resource Files</Filter>
    </Image>
    <Image Include="Karty\notatki.png">
      <Filter>Resource Files</Filter>
    </Image>
    <Image Include="Karty\obowiazkowezadania.png">
      <Filter>Resource Files</Filter>
    </Image>
    <Image Include="Karty\odpowiedzustna.png">
      <Filter>Resource Files</Filter>
    </Image>
    <Image Include="Karty\pomocnikwykladowcy.png">
      <Filter>Resource Files</Filter>
    </Image>
    <Image Include="Karty\pomocnygrzes.png">
      <Filter>Resource Files</Filter>
    </Image>
    <Image Include="Karty\projektzinfy.png">
      <Filter>Resource Files</Filter>
    </Image>
    <Image Include="Karty\prostecwiczenia.png">
      <Filter>Resource Files</Filter>
    </Image>
    <Image Include="Karty\prowadzacy.png">
      <Filter>Resource Files</Filter>
    </Image>
    <Image Include="Karty\redbull.png">
      <Filter>Resource Files</Filter>
    </Image>
    <Image Include="Karty\sesja.png">
      <Filter>Resource Files</Filter>
    </Image>
    <Image Include="Karty\slabywyklad.png">
      <Filter>Resource Files</Filter>
    </Image>
    <Image Include="Karty\sprawozdanie.png">
      <Filter>Resource Files</Filter>
    </Image>
    <Image Include="Karty\starosta.png">
      <Filter>Resource Files</Filter>
    </Image>
    <Image Include="Karty\student.png">
      <Filter>Resource Files</Filter>
    </Image>
    <Image Include="Karty\tenodprzekladania.png">
      <Filter>Resource Files</Filter>
    </Image>
    <Image Include="Karty\tenodpytan.png">
      <Filter>Resource Files</Filter>
    </Image>
    <Image Include="Karty\trudnymaterial.png">
      <Filter>Resource Files</Filter>
    </Image>
    <Image Include="Karty\trudnyprzyklad.png">
      <Filter>Resource Files</Filter>
    </Image>
    <Image Include="Karty\typowystudent.png">
      <Filter>Resource Files</Filter>
    </Image>
    <Image Include="Karty\ujemnepunkty.png">
      <Filter>Resource Files</Filter>
    </Image>
    <Image Include="Karty\upal.png">
      <Filter>Resource Files</Filter>
    </Image>
    <Image Include="Karty\wejsciowka.png">
      <Filter>Resource Files</Filter>
    </Image>
    <Image Include="Karty\wkurzonyprowadzacy.png">
      <Filter>Resource Files</Filter>
    </Image>
    <Image Include="Karty\wscieklystudent.png">
      <Filter>Resource Files</Filter>
    </Image>
    <Image Include="Karty\zzeszlychlat.png">
      <Filter>Resource Files</Filter>
    </Image>
  </ItemGroup>
</Project>